
Microsoft Visual Studio Solution File, Format Version 12.00
# Visual Studio Version 17
VisualStudioVersion = 17.9.34902.65
MinimumVisualStudioVersion = 10.0.40219.1
Project("{FAE04EC0-301F-11D3-BF4B-00C04F79EFBC}") = "SfärProjekt", "SfärProjekt\SfärProjekt.csproj", "{FB82B0A7-7C9C-42A2-AB5E-4682B31FD6A7}"
EndProject
Global
	GlobalSection(SolutionConfigurationPlatforms) = preSolution
		Debug|Any CPU = Debug|Any CPU
		Release|Any CPU = Release|Any CPU
	EndGlobalSection
	GlobalSection(ProjectConfigurationPlatforms) = postSolution
		{FB82B0A7-7C9C-42A2-AB5E-4682B31FD6A7}.Debug|Any CPU.ActiveCfg = Debug|Any CPU
		{FB82B0A7-7C9C-42A2-AB5E-4682B31FD6A7}.Debug|Any CPU.Build.0 = Debug|Any CPU
		{FB82B0A7-7C9C-42A2-AB5E-4682B31FD6A7}.Release|Any CPU.ActiveCfg = Release|Any CPU
		{FB82B0A7-7C9C-42A2-AB5E-4682B31FD6A7}.Release|Any CPU.Build.0 = Release|Any CPU
	EndGlobalSection
	GlobalSection(SolutionProperties) = preSolution
		HideSolutionNode = FALSE
	EndGlobalSection
	GlobalSection(ExtensibilityGlobals) = postSolution
		SolutionGuid = {4BDF4780-471B-49CF-9DF7-B04B17A24B73}
	EndGlobalSection
EndGlobal
